{
  "nodes": {
    "baseflake": {
      "inputs": {
        "nixpkgs": "nixpkgs"
      },
      "locked": {
        "lastModified": 1,
        "narHash": "sha256-cLC/Un/9WblBc2KdsKUpI8Gq5E/b6IeyjBZUUdrZvXc=",
        "path": "/nix/store/r8dzhdgqgmc4p06yfzggf87shmbzqy1s-source/nixos",
        "type": "path"
      },
      "original": {
        "path": "/nix/store/r8dzhdgqgmc4p06yfzggf87shmbzqy1s-source/nixos",
        "type": "path"
      }
    },
    "nixos-shell": {
      "inputs": {
        "nixpkgs": [
          "baseflake",
          "nixpkgs"
        ]
      },
      "locked": {
        "lastModified": 1732727306,
        "narHash": "sha256-4R+OVEmJ8yR7/gsxMQtC39b9f61SvELYQwKeXGAyFfo=",
        "owner": "Mic92",
        "repo": "nixos-shell",
        "rev": "c61dce7cf5dc263d237ba8a7fc175b09642f96eb",
        "type": "github"
      },
      "original": {
        "owner": "Mic92",
        "repo": "nixos-shell",
        "type": "github"
      }
    },
    "nixpkgs": {
      "locked": {
        "lastModified": 1733307928,
        "narHash": "sha256-xO6TJgO3rIEAQolTwE2EruWom5tsfn/7GwWt+vYXSfo=",
        "owner": "nixos",
        "repo": "nixpkgs",
        "rev": "c3b08708334cca32db70df24516608e73f645136",
        "type": "github"
      },
      "original": {
        "owner": "nixos",
        "ref": "nixos-24.11-small",
        "repo": "nixpkgs",
        "type": "github"
      }
    },
    "root": {
      "inputs": {
        "baseflake": "baseflake",
        "nixos-shell": "nixos-shell"
      }
    }
  },
  "root": "root",
  "version": 7
}
