{
  "nodes": {
    "baseflake": {
      "inputs": {
        "baseflake": "baseflake_2",
        "nixos-shell": "nixos-shell",
        "nixpkgs": [
          "baseflake",
          "baseflake",
          "nixpkgs"
        ]
      },
      "locked": {
        "lastModified": 1,
        "narHash": "sha256-UeWo4KBGk9NGTIHM2iz6GRf0nS1l7/gC7+R5UeI6m6w=",
        "path": "/nix/store/5dgjbn161lym0pd4wd9i4k01y4kbrszy-source/nixos/layers/container",
        "type": "path"
      },
      "original": {
        "path": "/nix/store/5dgjbn161lym0pd4wd9i4k01y4kbrszy-source/nixos/layers/container",
        "type": "path"
      }
    },
    "baseflake_2": {
      "inputs": {
        "nixpkgs": "nixpkgs"
      },
      "locked": {
        "lastModified": 1,
        "narHash": "sha256-xjXv5QkSUemxMoF0Uy94ZK14Z0VXNvdqsloYFxw/gIo=",
        "path": "/nix/store/5dgjbn161lym0pd4wd9i4k01y4kbrszy-source/nixos",
        "type": "path"
      },
      "original": {
        "path": "/nix/store/5dgjbn161lym0pd4wd9i4k01y4kbrszy-source/nixos",
        "type": "path"
      }
    },
    "baseflake_3": {
      "inputs": {
        "nixpkgs": "nixpkgs_2"
      },
      "locked": {
        "lastModified": 1,
        "narHash": "sha256-xjXv5QkSUemxMoF0Uy94ZK14Z0VXNvdqsloYFxw/gIo=",
        "path": "/nix/store/5dgjbn161lym0pd4wd9i4k01y4kbrszy-source/nixos",
        "type": "path"
      },
      "original": {
        "path": "/nix/store/5dgjbn161lym0pd4wd9i4k01y4kbrszy-source/nixos",
        "type": "path"
      }
    },
    "flake-utils": {
      "inputs": {
        "systems": "systems"
      },
      "locked": {
        "lastModified": 1681202837,
        "narHash": "sha256-H+Rh19JDwRtpVPAWp64F+rlEtxUWBAQW28eAi3SRSzg=",
        "owner": "numtide",
        "repo": "flake-utils",
        "rev": "cfacdce06f30d2b68473a46042957675eebb3401",
        "type": "github"
      },
      "original": {
        "owner": "numtide",
        "repo": "flake-utils",
        "type": "github"
      }
    },
    "nixlib": {
      "locked": {
        "lastModified": 1733620091,
        "narHash": "sha256-5WoMeCkaXqTZwwCNLRzyLxEJn8ISwjx4cNqLgqKwg9s=",
        "owner": "nix-community",
        "repo": "nixpkgs.lib",
        "rev": "f4dc9a6c02e5e14d91d158522f69f6ab4194eb5b",
        "type": "github"
      },
      "original": {
        "owner": "nix-community",
        "repo": "nixpkgs.lib",
        "type": "github"
      }
    },
    "nixos-generators": {
      "inputs": {
        "nixlib": "nixlib",
        "nixpkgs": [
          "nixosGenerator",
          "baseflake",
          "nixpkgs"
        ]
      },
      "locked": {
        "lastModified": 1733706547,
        "narHash": "sha256-BdFW7TMgES7q8I5FGX5hlz+0Xp4WyfAP3tHDwEupSWU=",
        "owner": "nix-community",
        "repo": "nixos-generators",
        "rev": "f5a0197ccfef7388885fc9455e74d6dd39e0c5e8",
        "type": "github"
      },
      "original": {
        "owner": "nix-community",
        "repo": "nixos-generators",
        "type": "github"
      }
    },
    "nixos-shell": {
      "inputs": {
        "nixpkgs": [
          "baseflake",
          "baseflake",
          "nixpkgs"
        ]
      },
      "locked": {
        "lastModified": 1732727306,
        "narHash": "sha256-4R+OVEmJ8yR7/gsxMQtC39b9f61SvELYQwKeXGAyFfo=",
        "owner": "Mic92",
        "repo": "nixos-shell",
        "rev": "c61dce7cf5dc263d237ba8a7fc175b09642f96eb",
        "type": "github"
      },
      "original": {
        "owner": "Mic92",
        "repo": "nixos-shell",
        "type": "github"
      }
    },
    "nixosGenerator": {
      "inputs": {
        "baseflake": "baseflake_3",
        "nixos-generators": "nixos-generators",
        "nixpkgs": [
          "nixosGenerator",
          "baseflake",
          "nixpkgs"
        ]
      },
      "locked": {
        "lastModified": 1,
        "narHash": "sha256-iLI2TvFzpobC/y/Jd1Gmzq7T6SvGMTSmgv90eYX2hUU=",
        "path": "/nix/store/5dgjbn161lym0pd4wd9i4k01y4kbrszy-source/nixos/layers/nixos-generator",
        "type": "path"
      },
      "original": {
        "path": "/nix/store/5dgjbn161lym0pd4wd9i4k01y4kbrszy-source/nixos/layers/nixos-generator",
        "type": "path"
      }
    },
    "nixpkgs": {
      "locked": {
        "lastModified": 1733307928,
        "narHash": "sha256-xO6TJgO3rIEAQolTwE2EruWom5tsfn/7GwWt+vYXSfo=",
        "owner": "nixos",
        "repo": "nixpkgs",
        "rev": "c3b08708334cca32db70df24516608e73f645136",
        "type": "github"
      },
      "original": {
        "owner": "nixos",
        "ref": "nixos-24.11-small",
        "repo": "nixpkgs",
        "type": "github"
      }
    },
    "nixpkgs_2": {
      "locked": {
        "lastModified": 1733307928,
        "narHash": "sha256-xO6TJgO3rIEAQolTwE2EruWom5tsfn/7GwWt+vYXSfo=",
        "owner": "nixos",
        "repo": "nixpkgs",
        "rev": "c3b08708334cca32db70df24516608e73f645136",
        "type": "github"
      },
      "original": {
        "owner": "nixos",
        "ref": "nixos-24.11-small",
        "repo": "nixpkgs",
        "type": "github"
      }
    },
    "root": {
      "inputs": {
        "baseflake": "baseflake",
        "nixosGenerator": "nixosGenerator",
        "vscode-server": "vscode-server"
      }
    },
    "systems": {
      "locked": {
        "lastModified": 1681028828,
        "narHash": "sha256-Vy1rq5AaRuLzOxct8nz4T6wlgyUR7zLU309k9mBC768=",
        "owner": "nix-systems",
        "repo": "default",
        "rev": "da67096a3b9bf56a91d16901293e51ba5b49a27e",
        "type": "github"
      },
      "original": {
        "owner": "nix-systems",
        "repo": "default",
        "type": "github"
      }
    },
    "vscode-server": {
      "inputs": {
        "flake-utils": "flake-utils",
        "nixpkgs": [
          "baseflake",
          "nixpkgs"
        ]
      },
      "locked": {
        "lastModified": 1729422940,
        "narHash": "sha256-DlvJv33ml5UTKgu4b0HauOfFIoDx6QXtbqUF3vWeRCY=",
        "owner": "nix-community",
        "repo": "nixos-vscode-server",
        "rev": "8b6db451de46ecf9b4ab3d01ef76e59957ff549f",
        "type": "github"
      },
      "original": {
        "owner": "nix-community",
        "repo": "nixos-vscode-server",
        "type": "github"
      }
    }
  },
  "root": "root",
  "version": 7
}
