{
  "nodes": {
    "baseflake": {
      "inputs": {
        "nixpkgs": "nixpkgs"
      },
      "locked": {
        "lastModified": 1,
        "narHash": "sha256-yddIEu8CzpE8qyeKNOdbURH+qhAvQkhKfHATUE9Q4/A=",
        "path": "/nix/store/azql7g7nb9ks6zq404knmcqjjd3vklrw-source/nixos",
        "type": "path"
      },
      "original": {
        "path": "/nix/store/azql7g7nb9ks6zq404knmcqjjd3vklrw-source/nixos",
        "type": "path"
      }
    },
    "nixlib": {
      "locked": {
        "lastModified": 1733620091,
        "narHash": "sha256-5WoMeCkaXqTZwwCNLRzyLxEJn8ISwjx4cNqLgqKwg9s=",
        "owner": "nix-community",
        "repo": "nixpkgs.lib",
        "rev": "f4dc9a6c02e5e14d91d158522f69f6ab4194eb5b",
        "type": "github"
      },
      "original": {
        "owner": "nix-community",
        "repo": "nixpkgs.lib",
        "type": "github"
      }
    },
    "nixos-generators": {
      "inputs": {
        "nixlib": "nixlib",
        "nixpkgs": [
          "baseflake",
          "nixpkgs"
        ]
      },
      "locked": {
        "lastModified": 1733706547,
        "narHash": "sha256-BdFW7TMgES7q8I5FGX5hlz+0Xp4WyfAP3tHDwEupSWU=",
        "owner": "nix-community",
        "repo": "nixos-generators",
        "rev": "f5a0197ccfef7388885fc9455e74d6dd39e0c5e8",
        "type": "github"
      },
      "original": {
        "owner": "nix-community",
        "repo": "nixos-generators",
        "type": "github"
      }
    },
    "nixpkgs": {
      "locked": {
        "lastModified": 1733307928,
        "narHash": "sha256-xO6TJgO3rIEAQolTwE2EruWom5tsfn/7GwWt+vYXSfo=",
        "owner": "nixos",
        "repo": "nixpkgs",
        "rev": "c3b08708334cca32db70df24516608e73f645136",
        "type": "github"
      },
      "original": {
        "owner": "nixos",
        "ref": "nixos-24.11-small",
        "repo": "nixpkgs",
        "type": "github"
      }
    },
    "root": {
      "inputs": {
        "baseflake": "baseflake",
        "nixos-generators": "nixos-generators"
      }
    }
  },
  "root": "root",
  "version": 7
}
