{
  "nodes": {
    "baseflake": {
      "inputs": {
        "baseflake": "baseflake_2",
        "nixos-generators": "nixos-generators"
      },
      "locked": {
        "lastModified": 1,
        "narHash": "sha256-WzALGjUSDQ0mcm2znIjn1et+n8oX/VKw5beK7JRWbrM=",
        "path": "/nix/store/9hj8v6gmyyiig4pn8j8bw0f21nnmvmyz-source/nixos/layers/nixos-generator",
        "type": "path"
      },
      "original": {
        "path": "/nix/store/9hj8v6gmyyiig4pn8j8bw0f21nnmvmyz-source/nixos/layers/nixos-generator",
        "type": "path"
      }
    },
    "baseflake_2": {
      "inputs": {
        "nixpkgs": "nixpkgs"
      },
      "locked": {
        "lastModified": 1,
        "narHash": "sha256-HJHF3ojTSORjD6ZG9V67ORcHx+hoHPFdee2iahdlgxE=",
        "path": "/nix/store/9hj8v6gmyyiig4pn8j8bw0f21nnmvmyz-source/nixos",
        "type": "path"
      },
      "original": {
        "path": "/nix/store/9hj8v6gmyyiig4pn8j8bw0f21nnmvmyz-source/nixos",
        "type": "path"
      }
    },
    "nixlib": {
      "locked": {
        "lastModified": 1733015484,
        "narHash": "sha256-qiyO0GrTvbp869U4VGX5GhAZ00fSiPXszvosY1AgKQ8=",
        "owner": "nix-community",
        "repo": "nixpkgs.lib",
        "rev": "0e4fdd4a0ab733276b6d2274ff84ae353f17129e",
        "type": "github"
      },
      "original": {
        "owner": "nix-community",
        "repo": "nixpkgs.lib",
        "type": "github"
      }
    },
    "nixos-generators": {
      "inputs": {
        "nixlib": "nixlib",
        "nixpkgs": [
          "baseflake",
          "baseflake",
          "nixpkgs"
        ]
      },
      "locked": {
        "lastModified": 1733360821,
        "narHash": "sha256-bNXO+OGxrOjAxv/Lnyj84tNDicJ/FdLyLJHzOKSzYU8=",
        "owner": "nix-community",
        "repo": "nixos-generators",
        "rev": "8cdaf8885c9c85d9d27b594dbe882406aadfe00e",
        "type": "github"
      },
      "original": {
        "owner": "nix-community",
        "repo": "nixos-generators",
        "type": "github"
      }
    },
    "nixpkgs": {
      "locked": {
        "lastModified": 1733307928,
        "narHash": "sha256-xO6TJgO3rIEAQolTwE2EruWom5tsfn/7GwWt+vYXSfo=",
        "owner": "nixos",
        "repo": "nixpkgs",
        "rev": "c3b08708334cca32db70df24516608e73f645136",
        "type": "github"
      },
      "original": {
        "owner": "nixos",
        "ref": "nixos-24.11-small",
        "repo": "nixpkgs",
        "type": "github"
      }
    },
    "root": {
      "inputs": {
        "baseflake": "baseflake"
      }
    }
  },
  "root": "root",
  "version": 7
}
